// !$*UTF8*$!
{
	archiveVersion = 1;
	classes = {
	};
	objectVersion = 50;
	objects = {

/* Begin PBXBuildFile section */
		3393BEF62365360E009A23A4 /* DataFlowDemo2.swift in Sources */ = {isa = PBXBuildFile; fileRef = 3393BEF52365360E009A23A4 /* DataFlowDemo2.swift */; };
		3393BEF82365394A009A23A4 /* DataFlowDemo3.swift in Sources */ = {isa = PBXBuildFile; fileRef = 3393BEF72365394A009A23A4 /* DataFlowDemo3.swift */; };
		3393BEFA23654DED009A23A4 /* AnimationDemo.swift in Sources */ = {isa = PBXBuildFile; fileRef = 3393BEF923654DED009A23A4 /* AnimationDemo.swift */; };
		33C671CA23648FCD008311DC /* DataFlowDemo.swift in Sources */ = {isa = PBXBuildFile; fileRef = 33C671C923648FCD008311DC /* DataFlowDemo.swift */; };
		33E00880235DD97B0048ABEB /* AppDelegate.swift in Sources */ = {isa = PBXBuildFile; fileRef = 33E0087F235DD97B0048ABEB /* AppDelegate.swift */; };
		33E00882235DD97B0048ABEB /* SceneDelegate.swift in Sources */ = {isa = PBXBuildFile; fileRef = 33E00881235DD97B0048ABEB /* SceneDelegate.swift */; };
		33E00884235DD97B0048ABEB /* ContentView.swift in Sources */ = {isa = PBXBuildFile; fileRef = 33E00883235DD97B0048ABEB /* ContentView.swift */; };
		33E00886235DD9810048ABEB /* Assets.xcassets in Resources */ = {isa = PBXBuildFile; fileRef = 33E00885235DD9810048ABEB /* Assets.xcassets */; };
		33E00889235DD9810048ABEB /* Preview Assets.xcassets in Resources */ = {isa = PBXBuildFile; fileRef = 33E00888235DD9810048ABEB /* Preview Assets.xcassets */; };
		33E0088C235DD9810048ABEB /* LaunchScreen.storyboard in Resources */ = {isa = PBXBuildFile; fileRef = 33E0088A235DD9810048ABEB /* LaunchScreen.storyboard */; };
		33E00894235DDC080048ABEB /* LayoutDemo.swift in Sources */ = {isa = PBXBuildFile; fileRef = 33E00893235DDC080048ABEB /* LayoutDemo.swift */; };
		33E0089623643A650048ABEB /* StateDemo.swift in Sources */ = {isa = PBXBuildFile; fileRef = 33E0089523643A650048ABEB /* StateDemo.swift */; };
/* End PBXBuildFile section */

/* Begin PBXFileReference section */
		3393BEF52365360E009A23A4 /* DataFlowDemo2.swift */ = {isa = PBXFileReference; lastKnownFileType = sourcecode.swift; path = DataFlowDemo2.swift; sourceTree = "<group>"; };
		3393BEF72365394A009A23A4 /* DataFlowDemo3.swift */ = {isa = PBXFileReference; lastKnownFileType = sourcecode.swift; path = DataFlowDemo3.swift; sourceTree = "<group>"; };
		3393BEF923654DED009A23A4 /* AnimationDemo.swift */ = {isa = PBXFileReference; lastKnownFileType = sourcecode.swift; path = AnimationDemo.swift; sourceTree = "<group>"; };
		33C671C923648FCD008311DC /* DataFlowDemo.swift */ = {isa = PBXFileReference; lastKnownFileType = sourcecode.swift; path = DataFlowDemo.swift; sourceTree = "<group>"; };
		33E0087C235DD97B0048ABEB /* SwiftUIDemo.app */ = {isa = PBXFileReference; explicitFileType = wrapper.application; includeInIndex = 0; path = SwiftUIDemo.app; sourceTree = BUILT_PRODUCTS_DIR; };
		33E0087F235DD97B0048ABEB /* AppDelegate.swift */ = {isa = PBXFileReference; lastKnownFileType = sourcecode.swift; path = AppDelegate.swift; sourceTree = "<group>"; };
		33E00881235DD97B0048ABEB /* SceneDelegate.swift */ = {isa = PBXFileReference; lastKnownFileType = sourcecode.swift; path = SceneDelegate.swift; sourceTree = "<group>"; };
		33E00883235DD97B0048ABEB /* ContentView.swift */ = {isa = PBXFileReference; lastKnownFileType = sourcecode.swift; path = ContentView.swift; sourceTree = "<group>"; };
		33E00885235DD9810048ABEB /* Assets.xcassets */ = {isa = PBXFileReference; lastKnownFileType = folder.assetcatalog; path = Assets.xcassets; sourceTree = "<group>"; };
		33E00888235DD9810048ABEB /* Preview Assets.xcassets */ = {isa = PBXFileReference; lastKnownFileType = folder.assetcatalog; path = "Preview Assets.xcassets"; sourceTree = "<group>"; };
		33E0088B235DD9810048ABEB /* Base */ = {isa = PBXFileReference; lastKnownFileType = file.storyboard; name = Base; path = Base.lproj/LaunchScreen.storyboard; sourceTree = "<group>"; };
		33E0088D235DD9810048ABEB /* Info.plist */ = {isa = PBXFileReference; lastKnownFileType = text.plist.xml; path = Info.plist; sourceTree = "<group>"; };
		33E00893235DDC080048ABEB /* LayoutDemo.swift */ = {isa = PBXFileReference; lastKnownFileType = sourcecode.swift; path = LayoutDemo.swift; sourceTree = "<group>"; };
		33E0089523643A650048ABEB /* StateDemo.swift */ = {isa = PBXFileReference; lastKnownFileType = sourcecode.swift; path = StateDemo.swift; sourceTree = "<group>"; };
/* End PBXFileReference section */

/* Begin PBXFrameworksBuildPhase section */
		33E00879235DD97B0048ABEB /* Frameworks */ = {
			isa = PBXFrameworksBuildPhase;
			buildActionMask = 2147483647;
			files = (
			);
			runOnlyForDeploymentPostprocessing = 0;
		};
/* End PBXFrameworksBuildPhase section */

/* Begin PBXGroup section */
		33E00873235DD97B0048ABEB = {
			isa = PBXGroup;
			children = (
				33E0087E235DD97B0048ABEB /* SwiftUIDemo */,
				33E0087D235DD97B0048ABEB /* Products */,
			);
			sourceTree = "<group>";
		};
		33E0087D235DD97B0048ABEB /* Products */ = {
			isa = PBXGroup;
			children = (
				33E0087C235DD97B0048ABEB /* SwiftUIDemo.app */,
			);
			name = Products;
			sourceTree = "<group>";
		};
		33E0087E235DD97B0048ABEB /* SwiftUIDemo */ = {
			isa = PBXGroup;
			children = (
				33E0087F235DD97B0048ABEB /* AppDelegate.swift */,
				33E00881235DD97B0048ABEB /* SceneDelegate.swift */,
				33E00883235DD97B0048ABEB /* ContentView.swift */,
				33E00885235DD9810048ABEB /* Assets.xcassets */,
				33E0088A235DD9810048ABEB /* LaunchScreen.storyboard */,
				33E0088D235DD9810048ABEB /* Info.plist */,
				33E00887235DD9810048ABEB /* Preview Content */,
				33E00893235DDC080048ABEB /* LayoutDemo.swift */,
				33E0089523643A650048ABEB /* StateDemo.swift */,
				33C671C923648FCD008311DC /* DataFlowDemo.swift */,
				3393BEF52365360E009A23A4 /* DataFlowDemo2.swift */,
				3393BEF72365394A009A23A4 /* DataFlowDemo3.swift */,
				3393BEF923654DED009A23A4 /* AnimationDemo.swift */,
			);
			path = SwiftUIDemo;
			sourceTree = "<group>";
		};
		33E00887235DD9810048ABEB /* Preview Content */ = {
			isa = PBXGroup;
			children = (
				33E00888235DD9810048ABEB /* Preview Assets.xcassets */,
			);
			path = "Preview Content";
			sourceTree = "<group>";
		};
/* End PBXGroup section */

/* Begin PBXNativeTarget section */
		33E0087B235DD97B0048ABEB /* SwiftUIDemo */ = {
			isa = PBXNativeTarget;
			buildConfigurationList = 33E00890235DD9810048ABEB /* Build configuration list for PBXNativeTarget "SwiftUIDemo" */;
			buildPhases = (
				33E00878235DD97B0048ABEB /* Sources */,
				33E00879235DD97B0048ABEB /* Frameworks */,
				33E0087A235DD97B0048ABEB /* Resources */,
			);
			buildRules = (
			);
			dependencies = (
			);
			name = SwiftUIDemo;
			productName = SwiftUIDemo;
			productReference = 33E0087C235DD97B0048ABEB /* SwiftUIDemo.app */;
			productType = "com.apple.product-type.application";
		};
/* End PBXNativeTarget section */

/* Begin PBXProject section */
		33E00874235DD97B0048ABEB /* Project object */ = {
			isa = PBXProject;
			attributes = {
				LastSwiftUpdateCheck = 1110;
				LastUpgradeCheck = 1110;
				ORGANIZATIONNAME = test;
				TargetAttributes = {
					33E0087B235DD97B0048ABEB = {
						CreatedOnToolsVersion = 11.1;
					};
				};
			};
			buildConfigurationList = 33E00877235DD97B0048ABEB /* Build configuration list for PBXProject "SwiftUIDemo" */;
			compatibilityVersion = "Xcode 9.3";
			developmentRegion = en;
			hasScannedForEncodings = 0;
			knownRegions = (
				en,
				Base,
			);
			mainGroup = 33E00873235DD97B0048ABEB;
			productRefGroup = 33E0087D235DD97B0048ABEB /* Products */;
			projectDirPath = "";
			projectRoot = "";
			targets = (
				33E0087B235DD97B0048ABEB /* SwiftUIDemo */,
			);
		};
/* End PBXProject section */

/* Begin PBXResourcesBuildPhase section */
		33E0087A235DD97B0048ABEB /* Resources */ = {
			isa = PBXResourcesBuildPhase;
			buildActionMask = 2147483647;
			files = (
				33E0088C235DD9810048ABEB /* LaunchScreen.storyboard in Resources */,
				33E00889235DD9810048ABEB /* Preview Assets.xcassets in Resources */,
				33E00886235DD9810048ABEB /* Assets.xcassets in Resources */,
			);
			runOnlyForDeploymentPostprocessing = 0;
		};
/* End PBXResourcesBuildPhase section */

/* Begin PBXSourcesBuildPhase section */
		33E00878235DD97B0048ABEB /* Sources */ = {
			isa = PBXSourcesBuildPhase;
			buildActionMask = 2147483647;
			files = (
				3393BEFA23654DED009A23A4 /* AnimationDemo.swift in Sources */,
				3393BEF82365394A009A23A4 /* DataFlowDemo3.swift in Sources */,
				33E00880235DD97B0048ABEB /* AppDelegate.swift in Sources */,
				3393BEF62365360E009A23A4 /* DataFlowDemo2.swift in Sources */,
				33E00882235DD97B0048ABEB /* SceneDelegate.swift in Sources */,
				33C671CA23648FCD008311DC /* DataFlowDemo.swift in Sources */,
				33E00894235DDC080048ABEB /* LayoutDemo.swift in Sources */,
				33E0089623643A650048ABEB /* StateDemo.swift in Sources */,
				33E00884235DD97B0048ABEB /* ContentView.swift in Sources */,
			);
			runOnlyForDeploymentPostprocessing = 0;
		};
/* End PBXSourcesBuildPhase section */

/* Begin PBXVariantGroup section */
		33E0088A235DD9810048ABEB /* LaunchScreen.storyboard */ = {
			isa = PBXVariantGroup;
			children = (
				33E0088B235DD9810048ABEB /* Base */,
			);
			name = LaunchScreen.storyboard;
			sourceTree = "<group>";
		};
/* End PBXVariantGroup section */

/* Begin XCBuildConfiguration section */
		33E0088E235DD9810048ABEB /* Debug */ = {
			isa = XCBuildConfiguration;
			buildSettings = {
				ALWAYS_SEARCH_USER_PATHS = NO;
				CLANG_ANALYZER_NONNULL = YES;
				CLANG_ANALYZER_NUMBER_OBJECT_CONVERSION = YES_AGGRESSIVE;
				CLANG_CXX_LANGUAGE_STANDARD = "gnu++14";
				CLANG_CXX_LIBRARY = "libc++";
				CLANG_ENABLE_MODULES = YES;
				CLANG_ENABLE_OBJC_ARC = YES;
				CLANG_ENABLE_OBJC_WEAK = YES;
				CLANG_WARN_BLOCK_CAPTURE_AUTORELEASING = YES;
				CLANG_WARN_BOOL_CONVERSION = YES;
				CLANG_WARN_COMMA = YES;
				CLANG_WARN_CONSTANT_CONVERSION = YES;
				CLANG_WARN_DEPRECATED_OBJC_IMPLEMENTATIONS = YES;
				CLANG_WARN_DIRECT_OBJC_ISA_USAGE = YES_ERROR;
				CLANG_WARN_DOCUMENTATION_COMMENTS = YES;
				CLANG_WARN_EMPTY_BODY = YES;
				CLANG_WARN_ENUM_CONVERSION = YES;
				CLANG_WARN_INFINITE_RECURSION = YES;
				CLANG_WARN_INT_CONVERSION = YES;
				CLANG_WARN_NON_LITERAL_NULL_CONVERSION = YES;
				CLANG_WARN_OBJC_IMPLICIT_RETAIN_SELF = YES;
				CLANG_WARN_OBJC_LITERAL_CONVERSION = YES;
				CLANG_WARN_OBJC_ROOT_CLASS = YES_ERROR;
				CLANG_WARN_RANGE_LOOP_ANALYSIS = YES;
				CLANG_WARN_STRICT_PROTOTYPES = YES;
				CLANG_WARN_SUSPICIOUS_MOVE = YES;
				CLANG_WARN_UNGUARDED_AVAILABILITY = YES_AGGRESSIVE;
				CLANG_WARN_UNREACHABLE_CODE = YES;
				CLANG_WARN__DUPLICATE_METHOD_MATCH = YES;
				COPY_PHASE_STRIP = NO;
				DEBUG_INFORMATION_FORMAT = dwarf;
				ENABLE_STRICT_OBJC_MSGSEND = YES;
				ENABLE_TESTABILITY = YES;
				GCC_C_LANGUAGE_STANDARD = gnu11;
				GCC_DYNAMIC_NO_PIC = NO;
				GCC_NO_COMMON_BLOCKS = YES;
				GCC_OPTIMIZATION_LEVEL = 0;
				GCC_PREPROCESSOR_DEFINITIONS = (
					"DEBUG=1",
					"$(inherited)",
				);
				GCC_WARN_64_TO_32_BIT_CONVERSION = YES;
				GCC_WARN_ABOUT_RETURN_TYPE = YES_ERROR;
				GCC_WARN_UNDECLARED_SELECTOR = YES;
				GCC_WARN_UNINITIALIZED_AUTOS = YES_AGGRESSIVE;
				GCC_WARN_UNUSED_FUNCTION = YES;
				GCC_WARN_UNUSED_VARIABLE = YES;
				IPHONEOS_DEPLOYMENT_TARGET = 13.1;
				MTL_ENABLE_DEBUG_INFO = INCLUDE_SOURCE;
				MTL_FAST_MATH = YES;
				ONLY_ACTIVE_ARCH = YES;
				SDKROOT = iphoneos;
				SWIFT_ACTIVE_COMPILATION_CONDITIONS = DEBUG;
				SWIFT_OPTIMIZATION_LEVEL = "-Onone";
			};
			name = Debug;
		};
		33E0088F235DD9810048ABEB /* Release */ = {
			isa = XCBuildConfiguration;
			buildSettings = {
				ALWAYS_SEARCH_USER_PATHS = NO;
				CLANG_ANALYZER_NONNULL = YES;
				CLANG_ANALYZER_NUMBER_OBJECT_CONVERSION = YES_AGGRESSIVE;
				CLANG_CXX_LANGUAGE_STANDARD = "gnu++14";
				CLANG_CXX_LIBRARY = "libc++";
				CLANG_ENABLE_MODULES = YES;
				CLANG_ENABLE_OBJC_ARC = YES;
				CLANG_ENABLE_OBJC_WEAK = YES;
				CLANG_WARN_BLOCK_CAPTURE_AUTORELEASING = YES;
				CLANG_WARN_BOOL_CONVERSION = YES;
				CLANG_WARN_COMMA = YES;
				CLANG_WARN_CONSTANT_CONVERSION = YES;
				CLANG_WARN_DEPRECATED_OBJC_IMPLEMENTATIONS = YES;
				CLANG_WARN_DIRECT_OBJC_ISA_USAGE = YES_ERROR;
				CLANG_WARN_DOCUMENTATION_COMMENTS = YES;
				CLANG_WARN_EMPTY_BODY = YES;
				CLANG_WARN_ENUM_CONVERSION = YES;
				CLANG_WARN_INFINITE_RECURSION = YES;
				CLANG_WARN_INT_CONVERSION = YES;
				CLANG_WARN_NON_LITERAL_NULL_CONVERSION = YES;
				CLANG_WARN_OBJC_IMPLICIT_RETAIN_SELF = YES;
				CLANG_WARN_OBJC_LITERAL_CONVERSION = YES;
				CLANG_WARN_OBJC_ROOT_CLASS = YES_ERROR;
				CLANG_WARN_RANGE_LOOP_ANALYSIS = YES;
				CLANG_WARN_STRICT_PROTOTYPES = YES;
				CLANG_WARN_SUSPICIOUS_MOVE = YES;
				CLANG_WARN_UNGUARDED_AVAILABILITY = YES_AGGRESSIVE;
				CLANG_WARN_UNREACHABLE_CODE = YES;
				CLANG_WARN__DUPLICATE_METHOD_MATCH = YES;
				COPY_PHASE_STRIP = NO;
				DEBUG_INFORMATION_FORMAT = "dwarf-with-dsym";
				ENABLE_NS_ASSERTIONS = NO;
				ENABLE_STRICT_OBJC_MSGSEND = YES;
				GCC_C_LANGUAGE_STANDARD = gnu11;
				GCC_NO_COMMON_BLOCKS = YES;
				GCC_WARN_64_TO_32_BIT_CONVERSION = YES;
				GCC_WARN_ABOUT_RETURN_TYPE = YES_ERROR;
				GCC_WARN_UNDECLARED_SELECTOR = YES;
				GCC_WARN_UNINITIALIZED_AUTOS = YES_AGGRESSIVE;
				GCC_WARN_UNUSED_FUNCTION = YES;
				GCC_WARN_UNUSED_VARIABLE = YES;
				IPHONEOS_DEPLOYMENT_TARGET = 13.1;
				MTL_ENABLE_DEBUG_INFO = NO;
				MTL_FAST_MATH = YES;
				SDKROOT = iphoneos;
				SWIFT_COMPILATION_MODE = wholemodule;
				SWIFT_OPTIMIZATION_LEVEL = "-O";
				VALIDATE_PRODUCT = YES;
			};
			name = Release;
		};
		33E00891235DD9810048ABEB /* Debug */ = {
			isa = XCBuildConfiguration;
			buildSettings = {
				ASSETCATALOG_COMPILER_APPICON_NAME = AppIcon;
				CODE_SIGN_STYLE = Automatic;
				DEVELOPMENT_ASSET_PATHS = "\"SwiftUIDemo/Preview Content\"";
				ENABLE_PREVIEWS = YES;
				INFOPLIST_FILE = SwiftUIDemo/Info.plist;
				LD_RUNPATH_SEARCH_PATHS = (
					"$(inherited)",
					"@executable_path/Frameworks",
				);
				PRODUCT_BUNDLE_IDENTIFIER = test.com.SwiftUIDemo;
				PRODUCT_NAME = "$(TARGET_NAME)";
				SWIFT_VERSION = 5.0;
				TARGETED_DEVICE_FAMILY = "1,2";
			};
			name = Debug;
		};
		33E00892235DD9810048ABEB /* Release */ = {
			isa = XCBuildConfiguration;
			buildSettings = {
				ASSETCATALOG_COMPILER_APPICON_NAME = AppIcon;
				CODE_SIGN_STYLE = Automatic;
				DEVELOPMENT_ASSET_PATHS = "\"SwiftUIDemo/Preview Content\"";
				ENABLE_PREVIEWS = YES;
				INFOPLIST_FILE = SwiftUIDemo/Info.plist;
				LD_RUNPATH_SEARCH_PATHS = (
					"$(inherited)",
					"@executable_path/Frameworks",
				);
				PRODUCT_BUNDLE_IDENTIFIER = test.com.SwiftUIDemo;
				PRODUCT_NAME = "$(TARGET_NAME)";
				SWIFT_VERSION = 5.0;
				TARGETED_DEVICE_FAMILY = "1,2";
			};
			name = Release;
		};
/* End XCBuildConfiguration section */

/* Begin XCConfigurationList section */
		33E00877235DD97B0048ABEB /* Build configuration list for PBXProject "SwiftUIDemo" */ = {
			isa = XCConfigurationList;
			buildConfigurations = (
				33E0088E235DD9810048ABEB /* Debug */,
				33E0088F235DD9810048ABEB /* Release */,
			);
			defaultConfigurationIsVisible = 0;
			defaultConfigurationName = Release;
		};
		33E00890235DD9810048ABEB /* Build configuration list for PBXNativeTarget "SwiftUIDemo" */ = {
			isa = XCConfigurationList;
			buildConfigurations = (
				33E00891235DD9810048ABEB /* Debug */,
				33E00892235DD9810048ABEB /* Release */,
			);
			defaultConfigurationIsVisible = 0;
			defaultConfigurationName = Release;
		};
/* End XCConfigurationList section */
	};
	rootObject = 33E00874235DD97B0048ABEB /* Project object */;
}
